
Microsoft Visual Studio Solution File, Format Version 12.00
# Visual Studio Version 16
VisualStudioVersion = 16.0.30204.135
MinimumVisualStudioVersion = 10.0.40219.1
Project("{FAE04EC0-301F-11D3-BF4B-00C04F79EFBC}") = "CheckPoint03", "CheckPoint03.csproj", "{11E3AB35-422A-4355-9365-D0E969D305F2}"
EndProject
Global
	GlobalSection(SolutionConfigurationPlatforms) = preSolution
		Debug|Any CPU = Debug|Any CPU
		Release|Any CPU = Release|Any CPU
	EndGlobalSection
	GlobalSection(ProjectConfigurationPlatforms) = postSolution
		{11E3AB35-422A-4355-9365-D0E969D305F2}.Debug|Any CPU.ActiveCfg = Debug|Any CPU
		{11E3AB35-422A-4355-9365-D0E969D305F2}.Debug|Any CPU.Build.0 = Debug|Any CPU
		{11E3AB35-422A-4355-9365-D0E969D305F2}.Release|Any CPU.ActiveCfg = Release|Any CPU
		{11E3AB35-422A-4355-9365-D0E969D305F2}.Release|Any CPU.Build.0 = Release|Any CPU
	EndGlobalSection
	GlobalSection(SolutionProperties) = preSolution
		HideSolutionNode = FALSE
	EndGlobalSection
	GlobalSection(ExtensibilityGlobals) = postSolution
		SolutionGuid = {EF7C2046-012B-4D30-AC11-C56D95FC1CC1}
	EndGlobalSection
EndGlobal
