
Microsoft Visual Studio Solution File, Format Version 12.00
# Visual Studio Version 16
VisualStudioVersion = 16.0.30204.135
MinimumVisualStudioVersion = 10.0.40219.1
Project("{FAE04EC0-301F-11D3-BF4B-00C04F79EFBC}") = "111_try_catch", "111_try_catch.csproj", "{5780E5D6-2A7F-4B37-AECC-398654B0D309}"
EndProject
Project("{FAE04EC0-301F-11D3-BF4B-00C04F79EFBC}") = "112_Exception", "..\112_Exception\112_Exception.csproj", "{DF6F5798-F239-4838-BDA7-BFF4BC760AA1}"
EndProject
Project("{FAE04EC0-301F-11D3-BF4B-00C04F79EFBC}") = "113_throw", "..\113_throw\113_throw.csproj", "{682BDBB1-A48C-4EC1-B910-45B4E1EBFFD8}"
EndProject
Global
	GlobalSection(SolutionConfigurationPlatforms) = preSolution
		Debug|Any CPU = Debug|Any CPU
		Release|Any CPU = Release|Any CPU
	EndGlobalSection
	GlobalSection(ProjectConfigurationPlatforms) = postSolution
		{5780E5D6-2A7F-4B37-AECC-398654B0D309}.Debug|Any CPU.ActiveCfg = Debug|Any CPU
		{5780E5D6-2A7F-4B37-AECC-398654B0D309}.Debug|Any CPU.Build.0 = Debug|Any CPU
		{5780E5D6-2A7F-4B37-AECC-398654B0D309}.Release|Any CPU.ActiveCfg = Release|Any CPU
		{5780E5D6-2A7F-4B37-AECC-398654B0D309}.Release|Any CPU.Build.0 = Release|Any CPU
		{DF6F5798-F239-4838-BDA7-BFF4BC760AA1}.Debug|Any CPU.ActiveCfg = Debug|Any CPU
		{DF6F5798-F239-4838-BDA7-BFF4BC760AA1}.Debug|Any CPU.Build.0 = Debug|Any CPU
		{DF6F5798-F239-4838-BDA7-BFF4BC760AA1}.Release|Any CPU.ActiveCfg = Release|Any CPU
		{DF6F5798-F239-4838-BDA7-BFF4BC760AA1}.Release|Any CPU.Build.0 = Release|Any CPU
		{682BDBB1-A48C-4EC1-B910-45B4E1EBFFD8}.Debug|Any CPU.ActiveCfg = Debug|Any CPU
		{682BDBB1-A48C-4EC1-B910-45B4E1EBFFD8}.Debug|Any CPU.Build.0 = Debug|Any CPU
		{682BDBB1-A48C-4EC1-B910-45B4E1EBFFD8}.Release|Any CPU.ActiveCfg = Release|Any CPU
		{682BDBB1-A48C-4EC1-B910-45B4E1EBFFD8}.Release|Any CPU.Build.0 = Release|Any CPU
	EndGlobalSection
	GlobalSection(SolutionProperties) = preSolution
		HideSolutionNode = FALSE
	EndGlobalSection
	GlobalSection(ExtensibilityGlobals) = postSolution
		SolutionGuid = {D13E46F6-5597-441F-B40B-6DD59E2A35F5}
	EndGlobalSection
EndGlobal
