
Microsoft Visual Studio Solution File, Format Version 12.00
# Visual Studio Version 16
VisualStudioVersion = 16.0.30128.74
MinimumVisualStudioVersion = 10.0.40219.1
Project("{FAE04EC0-301F-11D3-BF4B-00C04F79EFBC}") = "032_Check", "032_Check.csproj", "{C7CAEA52-8DB6-403D-858C-8C9B84B5A452}"
EndProject
Project("{FAE04EC0-301F-11D3-BF4B-00C04F79EFBC}") = "033_Check", "..\033_Check\033_Check.csproj", "{B46A0F5D-6277-40BA-8153-24C20AF8E9DF}"
EndProject
Global
	GlobalSection(SolutionConfigurationPlatforms) = preSolution
		Debug|Any CPU = Debug|Any CPU
		Release|Any CPU = Release|Any CPU
	EndGlobalSection
	GlobalSection(ProjectConfigurationPlatforms) = postSolution
		{C7CAEA52-8DB6-403D-858C-8C9B84B5A452}.Debug|Any CPU.ActiveCfg = Debug|Any CPU
		{C7CAEA52-8DB6-403D-858C-8C9B84B5A452}.Debug|Any CPU.Build.0 = Debug|Any CPU
		{C7CAEA52-8DB6-403D-858C-8C9B84B5A452}.Release|Any CPU.ActiveCfg = Release|Any CPU
		{C7CAEA52-8DB6-403D-858C-8C9B84B5A452}.Release|Any CPU.Build.0 = Release|Any CPU
		{B46A0F5D-6277-40BA-8153-24C20AF8E9DF}.Debug|Any CPU.ActiveCfg = Debug|Any CPU
		{B46A0F5D-6277-40BA-8153-24C20AF8E9DF}.Debug|Any CPU.Build.0 = Debug|Any CPU
		{B46A0F5D-6277-40BA-8153-24C20AF8E9DF}.Release|Any CPU.ActiveCfg = Release|Any CPU
		{B46A0F5D-6277-40BA-8153-24C20AF8E9DF}.Release|Any CPU.Build.0 = Release|Any CPU
	EndGlobalSection
	GlobalSection(SolutionProperties) = preSolution
		HideSolutionNode = FALSE
	EndGlobalSection
	GlobalSection(ExtensibilityGlobals) = postSolution
		SolutionGuid = {AD6A959A-8E13-4BE4-9A14-5C97A9501FE0}
	EndGlobalSection
EndGlobal
