
Microsoft Visual Studio Solution File, Format Version 12.00
# Visual Studio 15
Project("{FAE04EC0-301F-11D3-BF4B-00C04F79EFBC}") = "Assembly-CSharp", "Assembly-CSharp.csproj", "{61D3DD93-B717-A133-F2C5-ABA84817491B}"
EndProject
Project("{FAE04EC0-301F-11D3-BF4B-00C04F79EFBC}") = "Assembly-CSharp-Editor", "Assembly-CSharp-Editor.csproj", "{DD05F097-BA7D-6689-BE24-BCCE0ACF9944}"
EndProject
Global
	GlobalSection(SolutionConfigurationPlatforms) = preSolution
		Debug|Any CPU = Debug|Any CPU
		Release|Any CPU = Release|Any CPU
	EndGlobalSection
	GlobalSection(ProjectConfigurationPlatforms) = postSolution
		{61D3DD93-B717-A133-F2C5-ABA84817491B}.Debug|Any CPU.ActiveCfg = Debug|Any CPU
		{61D3DD93-B717-A133-F2C5-ABA84817491B}.Debug|Any CPU.Build.0 = Debug|Any CPU
		{61D3DD93-B717-A133-F2C5-ABA84817491B}.Release|Any CPU.ActiveCfg = Release|Any CPU
		{61D3DD93-B717-A133-F2C5-ABA84817491B}.Release|Any CPU.Build.0 = Release|Any CPU
		{DD05F097-BA7D-6689-BE24-BCCE0ACF9944}.Debug|Any CPU.ActiveCfg = Debug|Any CPU
		{DD05F097-BA7D-6689-BE24-BCCE0ACF9944}.Debug|Any CPU.Build.0 = Debug|Any CPU
		{DD05F097-BA7D-6689-BE24-BCCE0ACF9944}.Release|Any CPU.ActiveCfg = Release|Any CPU
		{DD05F097-BA7D-6689-BE24-BCCE0ACF9944}.Release|Any CPU.Build.0 = Release|Any CPU
	EndGlobalSection
	GlobalSection(SolutionProperties) = preSolution
		HideSolutionNode = FALSE
	EndGlobalSection
EndGlobal
