
Microsoft Visual Studio Solution File, Format Version 12.00
# Visual Studio Version 16
VisualStudioVersion = 16.0.30128.74
MinimumVisualStudioVersion = 10.0.40219.1
Project("{FAE04EC0-301F-11D3-BF4B-00C04F79EFBC}") = "Check", "Check\Check.csproj", "{A50A000E-E304-4337-A2D0-6A859BE6FE81}"
EndProject
Global
	GlobalSection(SolutionConfigurationPlatforms) = preSolution
		Debug|Any CPU = Debug|Any CPU
		Release|Any CPU = Release|Any CPU
	EndGlobalSection
	GlobalSection(ProjectConfigurationPlatforms) = postSolution
		{A50A000E-E304-4337-A2D0-6A859BE6FE81}.Debug|Any CPU.ActiveCfg = Debug|Any CPU
		{A50A000E-E304-4337-A2D0-6A859BE6FE81}.Debug|Any CPU.Build.0 = Debug|Any CPU
		{A50A000E-E304-4337-A2D0-6A859BE6FE81}.Release|Any CPU.ActiveCfg = Release|Any CPU
		{A50A000E-E304-4337-A2D0-6A859BE6FE81}.Release|Any CPU.Build.0 = Release|Any CPU
	EndGlobalSection
	GlobalSection(SolutionProperties) = preSolution
		HideSolutionNode = FALSE
	EndGlobalSection
	GlobalSection(ExtensibilityGlobals) = postSolution
		SolutionGuid = {98E8503F-D91D-45F9-B172-6121E73AB52B}
	EndGlobalSection
EndGlobal
